
Microsoft Visual Studio Solution File, Format Version 12.00
# Visual Studio Version 17
VisualStudioVersion = 17.4.33213.308
MinimumVisualStudioVersion = 10.0.40219.1
Project("{FAE04EC0-301F-11D3-BF4B-00C04F79EFBC}") = "Eva_2_1_UML", "Eva_2_1_UML.csproj", "{124B3C14-066C-49BC-9CD9-62670EEDC631}"
EndProject
Project("{FAE04EC0-301F-11D3-BF4B-00C04F79EFBC}") = "MisClases", "..\MisClases\MisClases.csproj", "{DE36896B-F449-4400-9CED-1F8A3DD02084}"
EndProject
Global
	GlobalSection(SolutionConfigurationPlatforms) = preSolution
		Debug|Any CPU = Debug|Any CPU
		Release|Any CPU = Release|Any CPU
	EndGlobalSection
	GlobalSection(ProjectConfigurationPlatforms) = postSolution
		{124B3C14-066C-49BC-9CD9-62670EEDC631}.Debug|Any CPU.ActiveCfg = Debug|Any CPU
		{124B3C14-066C-49BC-9CD9-62670EEDC631}.Debug|Any CPU.Build.0 = Debug|Any CPU
		{124B3C14-066C-49BC-9CD9-62670EEDC631}.Release|Any CPU.ActiveCfg = Release|Any CPU
		{124B3C14-066C-49BC-9CD9-62670EEDC631}.Release|Any CPU.Build.0 = Release|Any CPU
		{DE36896B-F449-4400-9CED-1F8A3DD02084}.Debug|Any CPU.ActiveCfg = Debug|Any CPU
		{DE36896B-F449-4400-9CED-1F8A3DD02084}.Debug|Any CPU.Build.0 = Debug|Any CPU
		{DE36896B-F449-4400-9CED-1F8A3DD02084}.Release|Any CPU.ActiveCfg = Release|Any CPU
		{DE36896B-F449-4400-9CED-1F8A3DD02084}.Release|Any CPU.Build.0 = Release|Any CPU
	EndGlobalSection
	GlobalSection(SolutionProperties) = preSolution
		HideSolutionNode = FALSE
	EndGlobalSection
	GlobalSection(ExtensibilityGlobals) = postSolution
		SolutionGuid = {876CB53D-6EE9-4963-A3F3-7C4098EDDE10}
	EndGlobalSection
EndGlobal
